
Microsoft Visual Studio Solution File, Format Version 12.00
# Visual Studio Version 17
VisualStudioVersion = 17.0.31912.275
MinimumVisualStudioVersion = 10.0.40219.1
Project("{8BC9CEB8-8B4A-11D0-8D11-00A0C91BC942}") = "Glicko-2 Smash Implementation", "Glicko-2 Smash Implementation\Glicko-2 Smash Implementation.vcxproj", "{271885DD-3D65-4C11-8D92-FADE009423E1}"
EndProject
Project("{9A19103F-16F7-4668-BE54-9A1E7A4F7556}") = "Glicko Smash Implementation Web Frontend", "Glicko Smash Implementation Web Frontend\Glicko Smash Implementation Web Frontend.csproj", "{DCD61A80-E0E9-4C03-BF0B-0EC988BFCD0A}"
EndProject
Project("{FAE04EC0-301F-11D3-BF4B-00C04F79EFBC}") = "Smash Glicko Frontend", "Smash Glicko Frontend\Smash Glicko Frontend.csproj", "{B97B631B-4298-4035-B18B-40A4CC5C0155}"
EndProject
Global
	GlobalSection(SolutionConfigurationPlatforms) = preSolution
		Debug|Any CPU = Debug|Any CPU
		Debug|x64 = Debug|x64
		Debug|x86 = Debug|x86
		Release|Any CPU = Release|Any CPU
		Release|x64 = Release|x64
		Release|x86 = Release|x86
	EndGlobalSection
	GlobalSection(ProjectConfigurationPlatforms) = postSolution
		{271885DD-3D65-4C11-8D92-FADE009423E1}.Debug|Any CPU.ActiveCfg = Debug|Win32
		{271885DD-3D65-4C11-8D92-FADE009423E1}.Debug|x64.ActiveCfg = Debug|x64
		{271885DD-3D65-4C11-8D92-FADE009423E1}.Debug|x64.Build.0 = Debug|x64
		{271885DD-3D65-4C11-8D92-FADE009423E1}.Debug|x86.ActiveCfg = Debug|Win32
		{271885DD-3D65-4C11-8D92-FADE009423E1}.Debug|x86.Build.0 = Debug|Win32
		{271885DD-3D65-4C11-8D92-FADE009423E1}.Release|Any CPU.ActiveCfg = Release|Win32
		{271885DD-3D65-4C11-8D92-FADE009423E1}.Release|x64.ActiveCfg = Release|x64
		{271885DD-3D65-4C11-8D92-FADE009423E1}.Release|x64.Build.0 = Release|x64
		{271885DD-3D65-4C11-8D92-FADE009423E1}.Release|x86.ActiveCfg = Release|Win32
		{271885DD-3D65-4C11-8D92-FADE009423E1}.Release|x86.Build.0 = Release|Win32
		{DCD61A80-E0E9-4C03-BF0B-0EC988BFCD0A}.Debug|Any CPU.ActiveCfg = Debug|Any CPU
		{DCD61A80-E0E9-4C03-BF0B-0EC988BFCD0A}.Debug|Any CPU.Build.0 = Debug|Any CPU
		{DCD61A80-E0E9-4C03-BF0B-0EC988BFCD0A}.Debug|x64.ActiveCfg = Debug|Any CPU
		{DCD61A80-E0E9-4C03-BF0B-0EC988BFCD0A}.Debug|x64.Build.0 = Debug|Any CPU
		{DCD61A80-E0E9-4C03-BF0B-0EC988BFCD0A}.Debug|x86.ActiveCfg = Debug|Any CPU
		{DCD61A80-E0E9-4C03-BF0B-0EC988BFCD0A}.Debug|x86.Build.0 = Debug|Any CPU
		{DCD61A80-E0E9-4C03-BF0B-0EC988BFCD0A}.Release|Any CPU.ActiveCfg = Release|Any CPU
		{DCD61A80-E0E9-4C03-BF0B-0EC988BFCD0A}.Release|Any CPU.Build.0 = Release|Any CPU
		{DCD61A80-E0E9-4C03-BF0B-0EC988BFCD0A}.Release|x64.ActiveCfg = Release|Any CPU
		{DCD61A80-E0E9-4C03-BF0B-0EC988BFCD0A}.Release|x64.Build.0 = Release|Any CPU
		{DCD61A80-E0E9-4C03-BF0B-0EC988BFCD0A}.Release|x86.ActiveCfg = Release|Any CPU
		{DCD61A80-E0E9-4C03-BF0B-0EC988BFCD0A}.Release|x86.Build.0 = Release|Any CPU
		{B97B631B-4298-4035-B18B-40A4CC5C0155}.Debug|Any CPU.ActiveCfg = Debug|Any CPU
		{B97B631B-4298-4035-B18B-40A4CC5C0155}.Debug|Any CPU.Build.0 = Debug|Any CPU
		{B97B631B-4298-4035-B18B-40A4CC5C0155}.Debug|x64.ActiveCfg = Debug|Any CPU
		{B97B631B-4298-4035-B18B-40A4CC5C0155}.Debug|x64.Build.0 = Debug|Any CPU
		{B97B631B-4298-4035-B18B-40A4CC5C0155}.Debug|x86.ActiveCfg = Debug|Any CPU
		{B97B631B-4298-4035-B18B-40A4CC5C0155}.Debug|x86.Build.0 = Debug|Any CPU
		{B97B631B-4298-4035-B18B-40A4CC5C0155}.Release|Any CPU.ActiveCfg = Release|Any CPU
		{B97B631B-4298-4035-B18B-40A4CC5C0155}.Release|Any CPU.Build.0 = Release|Any CPU
		{B97B631B-4298-4035-B18B-40A4CC5C0155}.Release|x64.ActiveCfg = Release|Any CPU
		{B97B631B-4298-4035-B18B-40A4CC5C0155}.Release|x64.Build.0 = Release|Any CPU
		{B97B631B-4298-4035-B18B-40A4CC5C0155}.Release|x86.ActiveCfg = Release|Any CPU
		{B97B631B-4298-4035-B18B-40A4CC5C0155}.Release|x86.Build.0 = Release|Any CPU
	EndGlobalSection
	GlobalSection(SolutionProperties) = preSolution
		HideSolutionNode = FALSE
	EndGlobalSection
	GlobalSection(ExtensibilityGlobals) = postSolution
		SolutionGuid = {BA697159-7E0F-4CD5-9E12-E0C93D763F7D}
	EndGlobalSection
EndGlobal
